// !$*UTF8*$!
{
	archiveVersion = 1;
	classes = {
	};
	objectVersion = 56;
	objects = {

/* Begin PBXBuildFile section */
		AF0143412B8C9D4000AF5E6C /* AppDelegate.swift in Sources */ = {isa = PBXBuildFile; fileRef = AF0143402B8C9D4000AF5E6C /* AppDelegate.swift */; };
		AF01434A2B8C9D4200AF5E6C /* Assets.xcassets in Resources */ = {isa = PBXBuildFile; fileRef = AF0143492B8C9D4200AF5E6C /* Assets.xcassets */; };
		AF01434D2B8C9D4200AF5E6C /* LaunchScreen.storyboard in Resources */ = {isa = PBXBuildFile; fileRef = AF01434B2B8C9D4200AF5E6C /* LaunchScreen.storyboard */; };
		AF0143582B8C9D4200AF5E6C /* CarAnimationTests.swift in Sources */ = {isa = PBXBuildFile; fileRef = AF0143572B8C9D4200AF5E6C /* CarAnimationTests.swift */; };
		AF0143622B8C9D4200AF5E6C /* CarAnimationUITests.swift in Sources */ = {isa = PBXBuildFile; fileRef = AF0143612B8C9D4200AF5E6C /* CarAnimationUITests.swift */; };
		AF0143642B8C9D4200AF5E6C /* CarAnimationUITestsLaunchTests.swift in Sources */ = {isa = PBXBuildFile; fileRef = AF0143632B8C9D4200AF5E6C /* CarAnimationUITestsLaunchTests.swift */; };
		AF0143722B8C9D9200AF5E6C /* CarAnimationVC.xib in Resources */ = {isa = PBXBuildFile; fileRef = AF0143702B8C9D9200AF5E6C /* CarAnimationVC.xib */; };
		AF0143732B8C9D9200AF5E6C /* CarAnimationVC.swift in Sources */ = {isa = PBXBuildFile; fileRef = AF0143712B8C9D9200AF5E6C /* CarAnimationVC.swift */; };
/* End PBXBuildFile section */

/* Begin PBXContainerItemProxy section */
		AF0143542B8C9D4200AF5E6C /* PBXContainerItemProxy */ = {
			isa = PBXContainerItemProxy;
			containerPortal = AF0143352B8C9D4000AF5E6C /* Project object */;
			proxyType = 1;
			remoteGlobalIDString = AF01433C2B8C9D4000AF5E6C;
			remoteInfo = CarAnimation;
		};
		AF01435E2B8C9D4200AF5E6C /* PBXContainerItemProxy */ = {
			isa = PBXContainerItemProxy;
			containerPortal = AF0143352B8C9D4000AF5E6C /* Project object */;
			proxyType = 1;
			remoteGlobalIDString = AF01433C2B8C9D4000AF5E6C;
			remoteInfo = CarAnimation;
		};
/* End PBXContainerItemProxy section */

/* Begin PBXFileReference section */
		AF01433D2B8C9D4000AF5E6C /* CarAnimation.app */ = {isa = PBXFileReference; explicitFileType = wrapper.application; includeInIndex = 0; path = CarAnimation.app; sourceTree = BUILT_PRODUCTS_DIR; };
		AF0143402B8C9D4000AF5E6C /* AppDelegate.swift */ = {isa = PBXFileReference; lastKnownFileType = sourcecode.swift; path = AppDelegate.swift; sourceTree = "<group>"; };
		AF0143492B8C9D4200AF5E6C /* Assets.xcassets */ = {isa = PBXFileReference; lastKnownFileType = folder.assetcatalog; path = Assets.xcassets; sourceTree = "<group>"; };
		AF01434C2B8C9D4200AF5E6C /* Base */ = {isa = PBXFileReference; lastKnownFileType = file.storyboard; name = Base; path = Base.lproj/LaunchScreen.storyboard; sourceTree = "<group>"; };
		AF01434E2B8C9D4200AF5E6C /* Info.plist */ = {isa = PBXFileReference; lastKnownFileType = text.plist.xml; path = Info.plist; sourceTree = "<group>"; };
		AF0143532B8C9D4200AF5E6C /* CarAnimationTests.xctest */ = {isa = PBXFileReference; explicitFileType = wrapper.cfbundle; includeInIndex = 0; path = CarAnimationTests.xctest; sourceTree = BUILT_PRODUCTS_DIR; };
		AF0143572B8C9D4200AF5E6C /* CarAnimationTests.swift */ = {isa = PBXFileReference; lastKnownFileType = sourcecode.swift; path = CarAnimationTests.swift; sourceTree = "<group>"; };
		AF01435D2B8C9D4200AF5E6C /* CarAnimationUITests.xctest */ = {isa = PBXFileReference; explicitFileType = wrapper.cfbundle; includeInIndex = 0; path = CarAnimationUITests.xctest; sourceTree = BUILT_PRODUCTS_DIR; };
		AF0143612B8C9D4200AF5E6C /* CarAnimationUITests.swift */ = {isa = PBXFileReference; lastKnownFileType = sourcecode.swift; path = CarAnimationUITests.swift; sourceTree = "<group>"; };
		AF0143632B8C9D4200AF5E6C /* CarAnimationUITestsLaunchTests.swift */ = {isa = PBXFileReference; lastKnownFileType = sourcecode.swift; path = CarAnimationUITestsLaunchTests.swift; sourceTree = "<group>"; };
		AF0143702B8C9D9200AF5E6C /* CarAnimationVC.xib */ = {isa = PBXFileReference; fileEncoding = 4; lastKnownFileType = file.xib; path = CarAnimationVC.xib; sourceTree = "<group>"; };
		AF0143712B8C9D9200AF5E6C /* CarAnimationVC.swift */ = {isa = PBXFileReference; fileEncoding = 4; lastKnownFileType = sourcecode.swift; path = CarAnimationVC.swift; sourceTree = "<group>"; };
/* End PBXFileReference section */

/* Begin PBXFrameworksBuildPhase section */
		AF01433A2B8C9D4000AF5E6C /* Frameworks */ = {
			isa = PBXFrameworksBuildPhase;
			buildActionMask = 2147483647;
			files = (
			);
			runOnlyForDeploymentPostprocessing = 0;
		};
		AF0143502B8C9D4200AF5E6C /* Frameworks */ = {
			isa = PBXFrameworksBuildPhase;
			buildActionMask = 2147483647;
			files = (
			);
			runOnlyForDeploymentPostprocessing = 0;
		};
		AF01435A2B8C9D4200AF5E6C /* Frameworks */ = {
			isa = PBXFrameworksBuildPhase;
			buildActionMask = 2147483647;
			files = (
			);
			runOnlyForDeploymentPostprocessing = 0;
		};
/* End PBXFrameworksBuildPhase section */

/* Begin PBXGroup section */
		AF0143342B8C9D4000AF5E6C = {
			isa = PBXGroup;
			children = (
				AF01433F2B8C9D4000AF5E6C /* CarAnimation */,
				AF0143562B8C9D4200AF5E6C /* CarAnimationTests */,
				AF0143602B8C9D4200AF5E6C /* CarAnimationUITests */,
				AF01433E2B8C9D4000AF5E6C /* Products */,
			);
			sourceTree = "<group>";
		};
		AF01433E2B8C9D4000AF5E6C /* Products */ = {
			isa = PBXGroup;
			children = (
				AF01433D2B8C9D4000AF5E6C /* CarAnimation.app */,
				AF0143532B8C9D4200AF5E6C /* CarAnimationTests.xctest */,
				AF01435D2B8C9D4200AF5E6C /* CarAnimationUITests.xctest */,
			);
			name = Products;
			sourceTree = "<group>";
		};
		AF01433F2B8C9D4000AF5E6C /* CarAnimation */ = {
			isa = PBXGroup;
			children = (
				AF0143402B8C9D4000AF5E6C /* AppDelegate.swift */,
				AF0143712B8C9D9200AF5E6C /* CarAnimationVC.swift */,
				AF0143702B8C9D9200AF5E6C /* CarAnimationVC.xib */,
				AF0143492B8C9D4200AF5E6C /* Assets.xcassets */,
				AF01434B2B8C9D4200AF5E6C /* LaunchScreen.storyboard */,
				AF01434E2B8C9D4200AF5E6C /* Info.plist */,
			);
			path = CarAnimation;
			sourceTree = "<group>";
		};
		AF0143562B8C9D4200AF5E6C /* CarAnimationTests */ = {
			isa = PBXGroup;
			children = (
				AF0143572B8C9D4200AF5E6C /* CarAnimationTests.swift */,
			);
			path = CarAnimationTests;
			sourceTree = "<group>";
		};
		AF0143602B8C9D4200AF5E6C /* CarAnimationUITests */ = {
			isa = PBXGroup;
			children = (
				AF0143612B8C9D4200AF5E6C /* CarAnimationUITests.swift */,
				AF0143632B8C9D4200AF5E6C /* CarAnimationUITestsLaunchTests.swift */,
			);
			path = CarAnimationUITests;
			sourceTree = "<group>";
		};
/* End PBXGroup section */

/* Begin PBXNativeTarget section */
		AF01433C2B8C9D4000AF5E6C /* CarAnimation */ = {
			isa = PBXNativeTarget;
			buildConfigurationList = AF0143672B8C9D4200AF5E6C /* Build configuration list for PBXNativeTarget "CarAnimation" */;
			buildPhases = (
				AF0143392B8C9D4000AF5E6C /* Sources */,
				AF01433A2B8C9D4000AF5E6C /* Frameworks */,
				AF01433B2B8C9D4000AF5E6C /* Resources */,
			);
			buildRules = (
			);
			dependencies = (
			);
			name = CarAnimation;
			productName = CarAnimation;
			productReference = AF01433D2B8C9D4000AF5E6C /* CarAnimation.app */;
			productType = "com.apple.product-type.application";
		};
		AF0143522B8C9D4200AF5E6C /* CarAnimationTests */ = {
			isa = PBXNativeTarget;
			buildConfigurationList = AF01436A2B8C9D4200AF5E6C /* Build configuration list for PBXNativeTarget "CarAnimationTests" */;
			buildPhases = (
				AF01434F2B8C9D4200AF5E6C /* Sources */,
				AF0143502B8C9D4200AF5E6C /* Frameworks */,
				AF0143512B8C9D4200AF5E6C /* Resources */,
			);
			buildRules = (
			);
			dependencies = (
				AF0143552B8C9D4200AF5E6C /* PBXTargetDependency */,
			);
			name = CarAnimationTests;
			productName = CarAnimationTests;
			productReference = AF0143532B8C9D4200AF5E6C /* CarAnimationTests.xctest */;
			productType = "com.apple.product-type.bundle.unit-test";
		};
		AF01435C2B8C9D4200AF5E6C /* CarAnimationUITests */ = {
			isa = PBXNativeTarget;
			buildConfigurationList = AF01436D2B8C9D4200AF5E6C /* Build configuration list for PBXNativeTarget "CarAnimationUITests" */;
			buildPhases = (
				AF0143592B8C9D4200AF5E6C /* Sources */,
				AF01435A2B8C9D4200AF5E6C /* Frameworks */,
				AF01435B2B8C9D4200AF5E6C /* Resources */,
			);
			buildRules = (
			);
			dependencies = (
				AF01435F2B8C9D4200AF5E6C /* PBXTargetDependency */,
			);
			name = CarAnimationUITests;
			productName = CarAnimationUITests;
			productReference = AF01435D2B8C9D4200AF5E6C /* CarAnimationUITests.xctest */;
			productType = "com.apple.product-type.bundle.ui-testing";
		};
/* End PBXNativeTarget section */

/* Begin PBXProject section */
		AF0143352B8C9D4000AF5E6C /* Project object */ = {
			isa = PBXProject;
			attributes = {
				BuildIndependentTargetsInParallel = 1;
				LastSwiftUpdateCheck = 1520;
				LastUpgradeCheck = 1520;
				TargetAttributes = {
					AF01433C2B8C9D4000AF5E6C = {
						CreatedOnToolsVersion = 15.2;
					};
					AF0143522B8C9D4200AF5E6C = {
						CreatedOnToolsVersion = 15.2;
						TestTargetID = AF01433C2B8C9D4000AF5E6C;
					};
					AF01435C2B8C9D4200AF5E6C = {
						CreatedOnToolsVersion = 15.2;
						TestTargetID = AF01433C2B8C9D4000AF5E6C;
					};
				};
			};
			buildConfigurationList = AF0143382B8C9D4000AF5E6C /* Build configuration list for PBXProject "CarAnimation" */;
			compatibilityVersion = "Xcode 14.0";
			developmentRegion = en;
			hasScannedForEncodings = 0;
			knownRegions = (
				en,
				Base,
			);
			mainGroup = AF0143342B8C9D4000AF5E6C;
			productRefGroup = AF01433E2B8C9D4000AF5E6C /* Products */;
			projectDirPath = "";
			projectRoot = "";
			targets = (
				AF01433C2B8C9D4000AF5E6C /* CarAnimation */,
				AF0143522B8C9D4200AF5E6C /* CarAnimationTests */,
				AF01435C2B8C9D4200AF5E6C /* CarAnimationUITests */,
			);
		};
/* End PBXProject section */

/* Begin PBXResourcesBuildPhase section */
		AF01433B2B8C9D4000AF5E6C /* Resources */ = {
			isa = PBXResourcesBuildPhase;
			buildActionMask = 2147483647;
			files = (
				AF01434D2B8C9D4200AF5E6C /* LaunchScreen.storyboard in Resources */,
				AF01434A2B8C9D4200AF5E6C /* Assets.xcassets in Resources */,
				AF0143722B8C9D9200AF5E6C /* CarAnimationVC.xib in Resources */,
			);
			runOnlyForDeploymentPostprocessing = 0;
		};
		AF0143512B8C9D4200AF5E6C /* Resources */ = {
			isa = PBXResourcesBuildPhase;
			buildActionMask = 2147483647;
			files = (
			);
			runOnlyForDeploymentPostprocessing = 0;
		};
		AF01435B2B8C9D4200AF5E6C /* Resources */ = {
			isa = PBXResourcesBuildPhase;
			buildActionMask = 2147483647;
			files = (
			);
			runOnlyForDeploymentPostprocessing = 0;
		};
/* End PBXResourcesBuildPhase section */

/* Begin PBXSourcesBuildPhase section */
		AF0143392B8C9D4000AF5E6C /* Sources */ = {
			isa = PBXSourcesBuildPhase;
			buildActionMask = 2147483647;
			files = (
				AF0143412B8C9D4000AF5E6C /* AppDelegate.swift in Sources */,
				AF0143732B8C9D9200AF5E6C /* CarAnimationVC.swift in Sources */,
			);
			runOnlyForDeploymentPostprocessing = 0;
		};
		AF01434F2B8C9D4200AF5E6C /* Sources */ = {
			isa = PBXSourcesBuildPhase;
			buildActionMask = 2147483647;
			files = (
				AF0143582B8C9D4200AF5E6C /* CarAnimationTests.swift in Sources */,
			);
			runOnlyForDeploymentPostprocessing = 0;
		};
		AF0143592B8C9D4200AF5E6C /* Sources */ = {
			isa = PBXSourcesBuildPhase;
			buildActionMask = 2147483647;
			files = (
				AF0143642B8C9D4200AF5E6C /* CarAnimationUITestsLaunchTests.swift in Sources */,
				AF0143622B8C9D4200AF5E6C /* CarAnimationUITests.swift in Sources */,
			);
			runOnlyForDeploymentPostprocessing = 0;
		};
/* End PBXSourcesBuildPhase section */

/* Begin PBXTargetDependency section */
		AF0143552B8C9D4200AF5E6C /* PBXTargetDependency */ = {
			isa = PBXTargetDependency;
			target = AF01433C2B8C9D4000AF5E6C /* CarAnimation */;
			targetProxy = AF0143542B8C9D4200AF5E6C /* PBXContainerItemProxy */;
		};
		AF01435F2B8C9D4200AF5E6C /* PBXTargetDependency */ = {
			isa = PBXTargetDependency;
			target = AF01433C2B8C9D4000AF5E6C /* CarAnimation */;
			targetProxy = AF01435E2B8C9D4200AF5E6C /* PBXContainerItemProxy */;
		};
/* End PBXTargetDependency section */

/* Begin PBXVariantGroup section */
		AF01434B2B8C9D4200AF5E6C /* LaunchScreen.storyboard */ = {
			isa = PBXVariantGroup;
			children = (
				AF01434C2B8C9D4200AF5E6C /* Base */,
			);
			name = LaunchScreen.storyboard;
			sourceTree = "<group>";
		};
/* End PBXVariantGroup section */

/* Begin XCBuildConfiguration section */
		AF0143652B8C9D4200AF5E6C /* Debug */ = {
			isa = XCBuildConfiguration;
			buildSettings = {
				ALWAYS_SEARCH_USER_PATHS = NO;
				ASSETCATALOG_COMPILER_GENERATE_SWIFT_ASSET_SYMBOL_EXTENSIONS = YES;
				CLANG_ANALYZER_NONNULL = YES;
				CLANG_ANALYZER_NUMBER_OBJECT_CONVERSION = YES_AGGRESSIVE;
				CLANG_CXX_LANGUAGE_STANDARD = "gnu++20";
				CLANG_ENABLE_MODULES = YES;
				CLANG_ENABLE_OBJC_ARC = YES;
				CLANG_ENABLE_OBJC_WEAK = YES;
				CLANG_WARN_BLOCK_CAPTURE_AUTORELEASING = YES;
				CLANG_WARN_BOOL_CONVERSION = YES;
				CLANG_WARN_COMMA = YES;
				CLANG_WARN_CONSTANT_CONVERSION = YES;
				CLANG_WARN_DEPRECATED_OBJC_IMPLEMENTATIONS = YES;
				CLANG_WARN_DIRECT_OBJC_ISA_USAGE = YES_ERROR;
				CLANG_WARN_DOCUMENTATION_COMMENTS = YES;
				CLANG_WARN_EMPTY_BODY = YES;
				CLANG_WARN_ENUM_CONVERSION = YES;
				CLANG_WARN_INFINITE_RECURSION = YES;
				CLANG_WARN_INT_CONVERSION = YES;
				CLANG_WARN_NON_LITERAL_NULL_CONVERSION = YES;
				CLANG_WARN_OBJC_IMPLICIT_RETAIN_SELF = YES;
				CLANG_WARN_OBJC_LITERAL_CONVERSION = YES;
				CLANG_WARN_OBJC_ROOT_CLASS = YES_ERROR;
				CLANG_WARN_QUOTED_INCLUDE_IN_FRAMEWORK_HEADER = YES;
				CLANG_WARN_RANGE_LOOP_ANALYSIS = YES;
				CLANG_WARN_STRICT_PROTOTYPES = YES;
				CLANG_WARN_SUSPICIOUS_MOVE = YES;
				CLANG_WARN_UNGUARDED_AVAILABILITY = YES_AGGRESSIVE;
				CLANG_WARN_UNREACHABLE_CODE = YES;
				CLANG_WARN__DUPLICATE_METHOD_MATCH = YES;
				COPY_PHASE_STRIP = NO;
				DEBUG_INFORMATION_FORMAT = dwarf;
				ENABLE_STRICT_OBJC_MSGSEND = YES;
				ENABLE_TESTABILITY = YES;
				ENABLE_USER_SCRIPT_SANDBOXING = YES;
				GCC_C_LANGUAGE_STANDARD = gnu17;
				GCC_DYNAMIC_NO_PIC = NO;
				GCC_NO_COMMON_BLOCKS = YES;
				GCC_OPTIMIZATION_LEVEL = 0;
				GCC_PREPROCESSOR_DEFINITIONS = (
					"DEBUG=1",
					"$(inherited)",
				);
				GCC_WARN_64_TO_32_BIT_CONVERSION = YES;
				GCC_WARN_ABOUT_RETURN_TYPE = YES_ERROR;
				GCC_WARN_UNDECLARED_SELECTOR = YES;
				GCC_WARN_UNINITIALIZED_AUTOS = YES_AGGRESSIVE;
				GCC_WARN_UNUSED_FUNCTION = YES;
				GCC_WARN_UNUSED_VARIABLE = YES;
				IPHONEOS_DEPLOYMENT_TARGET = 17.2;
				LOCALIZATION_PREFERS_STRING_CATALOGS = YES;
				MTL_ENABLE_DEBUG_INFO = INCLUDE_SOURCE;
				MTL_FAST_MATH = YES;
				ONLY_ACTIVE_ARCH = YES;
				SDKROOT = iphoneos;
				SWIFT_ACTIVE_COMPILATION_CONDITIONS = "DEBUG $(inherited)";
				SWIFT_OPTIMIZATION_LEVEL = "-Onone";
			};
			name = Debug;
		};
		AF0143662B8C9D4200AF5E6C /* Release */ = {
			isa = XCBuildConfiguration;
			buildSettings = {
				ALWAYS_SEARCH_USER_PATHS = NO;
				ASSETCATALOG_COMPILER_GENERATE_SWIFT_ASSET_SYMBOL_EXTENSIONS = YES;
				CLANG_ANALYZER_NONNULL = YES;
				CLANG_ANALYZER_NUMBER_OBJECT_CONVERSION = YES_AGGRESSIVE;
				CLANG_CXX_LANGUAGE_STANDARD = "gnu++20";
				CLANG_ENABLE_MODULES = YES;
				CLANG_ENABLE_OBJC_ARC = YES;
				CLANG_ENABLE_OBJC_WEAK = YES;
				CLANG_WARN_BLOCK_CAPTURE_AUTORELEASING = YES;
				CLANG_WARN_BOOL_CONVERSION = YES;
				CLANG_WARN_COMMA = YES;
				CLANG_WARN_CONSTANT_CONVERSION = YES;
				CLANG_WARN_DEPRECATED_OBJC_IMPLEMENTATIONS = YES;
				CLANG_WARN_DIRECT_OBJC_ISA_USAGE = YES_ERROR;
				CLANG_WARN_DOCUMENTATION_COMMENTS = YES;
				CLANG_WARN_EMPTY_BODY = YES;
				CLANG_WARN_ENUM_CONVERSION = YES;
				CLANG_WARN_INFINITE_RECURSION = YES;
				CLANG_WARN_INT_CONVERSION = YES;
				CLANG_WARN_NON_LITERAL_NULL_CONVERSION = YES;
				CLANG_WARN_OBJC_IMPLICIT_RETAIN_SELF = YES;
				CLANG_WARN_OBJC_LITERAL_CONVERSION = YES;
				CLANG_WARN_OBJC_ROOT_CLASS = YES_ERROR;
				CLANG_WARN_QUOTED_INCLUDE_IN_FRAMEWORK_HEADER = YES;
				CLANG_WARN_RANGE_LOOP_ANALYSIS = YES;
				CLANG_WARN_STRICT_PROTOTYPES = YES;
				CLANG_WARN_SUSPICIOUS_MOVE = YES;
				CLANG_WARN_UNGUARDED_AVAILABILITY = YES_AGGRESSIVE;
				CLANG_WARN_UNREACHABLE_CODE = YES;
				CLANG_WARN__DUPLICATE_METHOD_MATCH = YES;
				COPY_PHASE_STRIP = NO;
				DEBUG_INFORMATION_FORMAT = "dwarf-with-dsym";
				ENABLE_NS_ASSERTIONS = NO;
				ENABLE_STRICT_OBJC_MSGSEND = YES;
				ENABLE_USER_SCRIPT_SANDBOXING = YES;
				GCC_C_LANGUAGE_STANDARD = gnu17;
				GCC_NO_COMMON_BLOCKS = YES;
				GCC_WARN_64_TO_32_BIT_CONVERSION = YES;
				GCC_WARN_ABOUT_RETURN_TYPE = YES_ERROR;
				GCC_WARN_UNDECLARED_SELECTOR = YES;
				GCC_WARN_UNINITIALIZED_AUTOS = YES_AGGRESSIVE;
				GCC_WARN_UNUSED_FUNCTION = YES;
				GCC_WARN_UNUSED_VARIABLE = YES;
				IPHONEOS_DEPLOYMENT_TARGET = 17.2;
				LOCALIZATION_PREFERS_STRING_CATALOGS = YES;
				MTL_ENABLE_DEBUG_INFO = NO;
				MTL_FAST_MATH = YES;
				SDKROOT = iphoneos;
				SWIFT_COMPILATION_MODE = wholemodule;
				VALIDATE_PRODUCT = YES;
			};
			name = Release;
		};
		AF0143682B8C9D4200AF5E6C /* Debug */ = {
			isa = XCBuildConfiguration;
			buildSettings = {
				ASSETCATALOG_COMPILER_APPICON_NAME = AppIcon;
				ASSETCATALOG_COMPILER_GLOBAL_ACCENT_COLOR_NAME = AccentColor;
				CODE_SIGN_STYLE = Automatic;
				CURRENT_PROJECT_VERSION = 1;
				DEVELOPMENT_TEAM = 9Y77ZZBLP4;
				GENERATE_INFOPLIST_FILE = YES;
				INFOPLIST_FILE = CarAnimation/Info.plist;
				INFOPLIST_KEY_UIApplicationSupportsIndirectInputEvents = YES;
				INFOPLIST_KEY_UILaunchStoryboardName = LaunchScreen;
				INFOPLIST_KEY_UIMainStoryboardFile = "";
				INFOPLIST_KEY_UISupportedInterfaceOrientations_iPad = "UIInterfaceOrientationPortrait UIInterfaceOrientationPortraitUpsideDown UIInterfaceOrientationLandscapeLeft UIInterfaceOrientationLandscapeRight";
				INFOPLIST_KEY_UISupportedInterfaceOrientations_iPhone = "UIInterfaceOrientationPortrait UIInterfaceOrientationLandscapeLeft UIInterfaceOrientationLandscapeRight";
				LD_RUNPATH_SEARCH_PATHS = (
					"$(inherited)",
					"@executable_path/Frameworks",
				);
				MARKETING_VERSION = 1.0;
				PRODUCT_BUNDLE_IDENTIFIER = Ural.CarAnimation;
				PRODUCT_NAME = "$(TARGET_NAME)";
				SWIFT_EMIT_LOC_STRINGS = YES;
				SWIFT_VERSION = 5.0;
				TARGETED_DEVICE_FAMILY = "1,2";
			};
			name = Debug;
		};
		AF0143692B8C9D4200AF5E6C /* Release */ = {
			isa = XCBuildConfiguration;
			buildSettings = {
				ASSETCATALOG_COMPILER_APPICON_NAME = AppIcon;
				ASSETCATALOG_COMPILER_GLOBAL_ACCENT_COLOR_NAME = AccentColor;
				CODE_SIGN_STYLE = Automatic;
				CURRENT_PROJECT_VERSION = 1;
				DEVELOPMENT_TEAM = 9Y77ZZBLP4;
				GENERATE_INFOPLIST_FILE = YES;
				INFOPLIST_FILE = CarAnimation/Info.plist;
				INFOPLIST_KEY_UIApplicationSupportsIndirectInputEvents = YES;
				INFOPLIST_KEY_UILaunchStoryboardName = LaunchScreen;
				INFOPLIST_KEY_UIMainStoryboardFile = "";
				INFOPLIST_KEY_UISupportedInterfaceOrientations_iPad = "UIInterfaceOrientationPortrait UIInterfaceOrientationPortraitUpsideDown UIInterfaceOrientationLandscapeLeft UIInterfaceOrientationLandscapeRight";
				INFOPLIST_KEY_UISupportedInterfaceOrientations_iPhone = "UIInterfaceOrientationPortrait UIInterfaceOrientationLandscapeLeft UIInterfaceOrientationLandscapeRight";
				LD_RUNPATH_SEARCH_PATHS = (
					"$(inherited)",
					"@executable_path/Frameworks",
				);
				MARKETING_VERSION = 1.0;
				PRODUCT_BUNDLE_IDENTIFIER = Ural.CarAnimation;
				PRODUCT_NAME = "$(TARGET_NAME)";
				SWIFT_EMIT_LOC_STRINGS = YES;
				SWIFT_VERSION = 5.0;
				TARGETED_DEVICE_FAMILY = "1,2";
			};
			name = Release;
		};
		AF01436B2B8C9D4200AF5E6C /* Debug */ = {
			isa = XCBuildConfiguration;
			buildSettings = {
				ALWAYS_EMBED_SWIFT_STANDARD_LIBRARIES = YES;
				BUNDLE_LOADER = "$(TEST_HOST)";
				CODE_SIGN_STYLE = Automatic;
				CURRENT_PROJECT_VERSION = 1;
				DEVELOPMENT_TEAM = 9Y77ZZBLP4;
				GENERATE_INFOPLIST_FILE = YES;
				IPHONEOS_DEPLOYMENT_TARGET = 17.2;
				MARKETING_VERSION = 1.0;
				PRODUCT_BUNDLE_IDENTIFIER = Ural.CarAnimationTests;
				PRODUCT_NAME = "$(TARGET_NAME)";
				SWIFT_EMIT_LOC_STRINGS = NO;
				SWIFT_VERSION = 5.0;
				TARGETED_DEVICE_FAMILY = "1,2";
				TEST_HOST = "$(BUILT_PRODUCTS_DIR)/CarAnimation.app/$(BUNDLE_EXECUTABLE_FOLDER_PATH)/CarAnimation";
			};
			name = Debug;
		};
		AF01436C2B8C9D4200AF5E6C /* Release */ = {
			isa = XCBuildConfiguration;
			buildSettings = {
				ALWAYS_EMBED_SWIFT_STANDARD_LIBRARIES = YES;
				BUNDLE_LOADER = "$(TEST_HOST)";
				CODE_SIGN_STYLE = Automatic;
				CURRENT_PROJECT_VERSION = 1;
				DEVELOPMENT_TEAM = 9Y77ZZBLP4;
				GENERATE_INFOPLIST_FILE = YES;
				IPHONEOS_DEPLOYMENT_TARGET = 17.2;
				MARKETING_VERSION = 1.0;
				PRODUCT_BUNDLE_IDENTIFIER = Ural.CarAnimationTests;
				PRODUCT_NAME = "$(TARGET_NAME)";
				SWIFT_EMIT_LOC_STRINGS = NO;
				SWIFT_VERSION = 5.0;
				TARGETED_DEVICE_FAMILY = "1,2";
				TEST_HOST = "$(BUILT_PRODUCTS_DIR)/CarAnimation.app/$(BUNDLE_EXECUTABLE_FOLDER_PATH)/CarAnimation";
			};
			name = Release;
		};
		AF01436E2B8C9D4200AF5E6C /* Debug */ = {
			isa = XCBuildConfiguration;
			buildSettings = {
				ALWAYS_EMBED_SWIFT_STANDARD_LIBRARIES = YES;
				CODE_SIGN_STYLE = Automatic;
				CURRENT_PROJECT_VERSION = 1;
				DEVELOPMENT_TEAM = 9Y77ZZBLP4;
				GENERATE_INFOPLIST_FILE = YES;
				MARKETING_VERSION = 1.0;
				PRODUCT_BUNDLE_IDENTIFIER = Ural.CarAnimationUITests;
				PRODUCT_NAME = "$(TARGET_NAME)";
				SWIFT_EMIT_LOC_STRINGS = NO;
				SWIFT_VERSION = 5.0;
				TARGETED_DEVICE_FAMILY = "1,2";
				TEST_TARGET_NAME = CarAnimation;
			};
			name = Debug;
		};
		AF01436F2B8C9D4200AF5E6C /* Release */ = {
			isa = XCBuildConfiguration;
			buildSettings = {
				ALWAYS_EMBED_SWIFT_STANDARD_LIBRARIES = YES;
				CODE_SIGN_STYLE = Automatic;
				CURRENT_PROJECT_VERSION = 1;
				DEVELOPMENT_TEAM = 9Y77ZZBLP4;
				GENERATE_INFOPLIST_FILE = YES;
				MARKETING_VERSION = 1.0;
				PRODUCT_BUNDLE_IDENTIFIER = Ural.CarAnimationUITests;
				PRODUCT_NAME = "$(TARGET_NAME)";
				SWIFT_EMIT_LOC_STRINGS = NO;
				SWIFT_VERSION = 5.0;
				TARGETED_DEVICE_FAMILY = "1,2";
				TEST_TARGET_NAME = CarAnimation;
			};
			name = Release;
		};
/* End XCBuildConfiguration section */

/* Begin XCConfigurationList section */
		AF0143382B8C9D4000AF5E6C /* Build configuration list for PBXProject "CarAnimation" */ = {
			isa = XCConfigurationList;
			buildConfigurations = (
				AF0143652B8C9D4200AF5E6C /* Debug */,
				AF0143662B8C9D4200AF5E6C /* Release */,
			);
			defaultConfigurationIsVisible = 0;
			defaultConfigurationName = Release;
		};
		AF0143672B8C9D4200AF5E6C /* Build configuration list for PBXNativeTarget "CarAnimation" */ = {
			isa = XCConfigurationList;
			buildConfigurations = (
				AF0143682B8C9D4200AF5E6C /* Debug */,
				AF0143692B8C9D4200AF5E6C /* Release */,
			);
			defaultConfigurationIsVisible = 0;
			defaultConfigurationName = Release;
		};
		AF01436A2B8C9D4200AF5E6C /* Build configuration list for PBXNativeTarget "CarAnimationTests" */ = {
			isa = XCConfigurationList;
			buildConfigurations = (
				AF01436B2B8C9D4200AF5E6C /* Debug */,
				AF01436C2B8C9D4200AF5E6C /* Release */,
			);
			defaultConfigurationIsVisible = 0;
			defaultConfigurationName = Release;
		};
		AF01436D2B8C9D4200AF5E6C /* Build configuration list for PBXNativeTarget "CarAnimationUITests" */ = {
			isa = XCConfigurationList;
			buildConfigurations = (
				AF01436E2B8C9D4200AF5E6C /* Debug */,
				AF01436F2B8C9D4200AF5E6C /* Release */,
			);
			defaultConfigurationIsVisible = 0;
			defaultConfigurationName = Release;
		};
/* End XCConfigurationList section */
	};
	rootObject = AF0143352B8C9D4000AF5E6C /* Project object */;
}
